# THIS IS AN AUTOGENERATED FILE. DO NOT EDIT THIS FILE DIRECTLY.
# yarn lockfile v1


"@intlify/core-base@10.0.1":
  version "10.0.1"
  resolved "https://registry.npmmirror.com/@intlify/core-base/-/core-base-10.0.1.tgz#18ecddcd4ad2f67c0dccb7b72e60036b7b4434d0"
  integrity sha512-6kpRGjhos95ph7QmEtP4tnWFTW102s71CLQAQwfsIGqOAcoJhzcYFpzIQ0gKXzqAIXsMD/hwM5qJ4ewqMHw3gg==
  dependencies:
    "@intlify/message-compiler" "10.0.1"
    "@intlify/shared" "10.0.1"

"@intlify/message-compiler@10.0.1":
  version "10.0.1"
  resolved "https://registry.npmmirror.com/@intlify/message-compiler/-/message-compiler-10.0.1.tgz#2cd25944ffece4312e4dbdd2ebf9556176aaed90"
  integrity sha512-fPeykrcgVT5eOIlshTHiPCN8FV3AZyBOdMS3XaXzfQ6eL5wqfc29I/EdIv5YXVW5X8e/BgYeWjBC0Cuznsl/2g==
  dependencies:
    "@intlify/shared" "10.0.1"
    source-map-js "^1.0.2"

"@intlify/shared@10.0.1":
  version "10.0.1"
  resolved "https://registry.npmmirror.com/@intlify/shared/-/shared-10.0.1.tgz#427586698d07a8658560afff1fe55c6d134207b9"
  integrity sha512-b4h7IWdZl710DnAhET8lgfgZ4Y9A2IZx/gbli3Ec/zHtYCoPqLHmiM7kUNBrSZj7d/SSjcMMZHuz5I09x3PYZw==

"@vue/devtools-api@^6.0.0-beta.11", "@vue/devtools-api@^6.5.0":
  version "6.6.4"
  resolved "https://registry.npmmirror.com/@vue/devtools-api/-/devtools-api-6.6.4.tgz#cbe97fe0162b365edc1dba80e173f90492535343"
  integrity sha512-sGhTPMuXqZ1rVOk32RylztWkfXTRhuS7vgAKv0zjqk8gbsHkJ7xfFf+jbySxt7tWObEJwyKaHMikV/WGDiQm8g==

source-map-js@^1.0.2:
  version "1.2.1"
  resolved "https://registry.npmmirror.com/source-map-js/-/source-map-js-1.2.1.tgz#1ce5650fddd87abc099eda37dcff024c2667ae46"
  integrity sha512-UXWMKhLOwVKb728IUtQPXxfYU+usdybtUrK/8uGE8CQMvrhOpwvzDBwj0QhSL7MQc7vIsISBG8VQ8+IDQxpfQA==

vue-i18n@^10.0.1:
  version "10.0.1"
  resolved "https://registry.npmmirror.com/vue-i18n/-/vue-i18n-10.0.1.tgz#5c67257f01dc9133513405985121fc86bbd2df84"
  integrity sha512-SQVlSm/1S6AaG1wexvwq3ebXUrrkx75ZHD78UAs4/rYD/X3tsQxfm6ElpT4ZPegJQEgRtOJjGripqSrfqAENtg==
  dependencies:
    "@intlify/core-base" "10.0.1"
    "@intlify/shared" "10.0.1"
    "@vue/devtools-api" "^6.5.0"

vuex@^4.1.0:
  version "4.1.0"
  resolved "https://registry.npmmirror.com/vuex/-/vuex-4.1.0.tgz#aa1b3ea5c7385812b074c86faeeec2217872e36c"
  integrity sha512-hmV6UerDrPcgbSy9ORAtNXDr9M4wlNP4pEFKye4ujJF8oqgFFuxDCdOLS3eNoRTtq5O3hoBDh9Doj1bQMYHRbQ==
  dependencies:
    "@vue/devtools-api" "^6.0.0-beta.11"
